
Microsoft Visual Studio Solution File, Format Version 12.00
Project("{FAE04EC0-301F-11D3-BF4B-00C04F79EFBC}") = "sigej", "sigej\sigej.csproj", "{1A2BA71B-0CB5-4C23-BF2E-178332ED4289}"
EndProject
Global
	GlobalSection(SolutionConfigurationPlatforms) = preSolution
		Debug|Any CPU = Debug|Any CPU
		Release|Any CPU = Release|Any CPU
	EndGlobalSection
	GlobalSection(ProjectConfigurationPlatforms) = postSolution
		{1A2BA71B-0CB5-4C23-BF2E-178332ED4289}.Debug|Any CPU.ActiveCfg = Debug|Any CPU
		{1A2BA71B-0CB5-4C23-BF2E-178332ED4289}.Debug|Any CPU.Build.0 = Debug|Any CPU
		{1A2BA71B-0CB5-4C23-BF2E-178332ED4289}.Release|Any CPU.ActiveCfg = Release|Any CPU
		{1A2BA71B-0CB5-4C23-BF2E-178332ED4289}.Release|Any CPU.Build.0 = Release|Any CPU
	EndGlobalSection
EndGlobal
